
Microsoft Visual Studio Solution File, Format Version 12.00
Project("{FAE04EC0-301F-11D3-BF4B-00C04F79EFBC}") = "TestProject", "TestProject\TestProject.csproj", "{B134D1B0-AE95-402F-9E6C-5C6D5E695AD4}"
EndProject
Project("{FAE04EC0-301F-11D3-BF4B-00C04F79EFBC}") = "TestProject.UnitTests", "TestProject.UnitTests\TestProject.UnitTests.csproj", "{E4B03865-BC08-4A7A-B2A1-E02B927CFD67}"
EndProject
Global
	GlobalSection(SolutionConfigurationPlatforms) = preSolution
		Debug|Any CPU = Debug|Any CPU
		Release|Any CPU = Release|Any CPU
	EndGlobalSection
	GlobalSection(ProjectConfigurationPlatforms) = postSolution
		{B134D1B0-AE95-402F-9E6C-5C6D5E695AD4}.Debug|Any CPU.ActiveCfg = Debug|Any CPU
		{B134D1B0-AE95-402F-9E6C-5C6D5E695AD4}.Debug|Any CPU.Build.0 = Debug|Any CPU
		{B134D1B0-AE95-402F-9E6C-5C6D5E695AD4}.Release|Any CPU.ActiveCfg = Release|Any CPU
		{B134D1B0-AE95-402F-9E6C-5C6D5E695AD4}.Release|Any CPU.Build.0 = Release|Any CPU
		{E4B03865-BC08-4A7A-B2A1-E02B927CFD67}.Debug|Any CPU.ActiveCfg = Debug|Any CPU
		{E4B03865-BC08-4A7A-B2A1-E02B927CFD67}.Debug|Any CPU.Build.0 = Debug|Any CPU
		{E4B03865-BC08-4A7A-B2A1-E02B927CFD67}.Release|Any CPU.ActiveCfg = Release|Any CPU
		{E4B03865-BC08-4A7A-B2A1-E02B927CFD67}.Release|Any CPU.Build.0 = Release|Any CPU
	EndGlobalSection
EndGlobal
