
Microsoft Visual Studio Solution File, Format Version 12.00
Project("{FAE04EC0-301F-11D3-BF4B-00C04F79EFBC}") = "UnitTesting2", "UnitTesting2\UnitTesting2.csproj", "{3EFB7F0A-EEFC-4A66-98C1-D1D6C8ED0DB7}"
EndProject
Project("{FAE04EC0-301F-11D3-BF4B-00C04F79EFBC}") = "UnitTesting.UnitTests", "UnitTesting.UnitTests\UnitTesting.UnitTests.csproj", "{ACC1731F-FB6F-407D-B913-D0E7B62FC8E1}"
EndProject
Global
	GlobalSection(SolutionConfigurationPlatforms) = preSolution
		Debug|Any CPU = Debug|Any CPU
		Release|Any CPU = Release|Any CPU
	EndGlobalSection
	GlobalSection(ProjectConfigurationPlatforms) = postSolution
		{3EFB7F0A-EEFC-4A66-98C1-D1D6C8ED0DB7}.Debug|Any CPU.ActiveCfg = Debug|Any CPU
		{3EFB7F0A-EEFC-4A66-98C1-D1D6C8ED0DB7}.Debug|Any CPU.Build.0 = Debug|Any CPU
		{3EFB7F0A-EEFC-4A66-98C1-D1D6C8ED0DB7}.Release|Any CPU.ActiveCfg = Release|Any CPU
		{3EFB7F0A-EEFC-4A66-98C1-D1D6C8ED0DB7}.Release|Any CPU.Build.0 = Release|Any CPU
		{ACC1731F-FB6F-407D-B913-D0E7B62FC8E1}.Debug|Any CPU.ActiveCfg = Debug|Any CPU
		{ACC1731F-FB6F-407D-B913-D0E7B62FC8E1}.Debug|Any CPU.Build.0 = Debug|Any CPU
		{ACC1731F-FB6F-407D-B913-D0E7B62FC8E1}.Release|Any CPU.ActiveCfg = Release|Any CPU
		{ACC1731F-FB6F-407D-B913-D0E7B62FC8E1}.Release|Any CPU.Build.0 = Release|Any CPU
	EndGlobalSection
EndGlobal
